
Microsoft Visual Studio Solution File, Format Version 12.00
# Visual Studio Version 16
VisualStudioVersion = 16.0.30907.101
MinimumVisualStudioVersion = 10.0.40219.1
Project("{FAE04EC0-301F-11D3-BF4B-00C04F79EFBC}") = "oop_lab01", "oop_lab01\oop_lab01.csproj", "{C6E68137-F15C-4873-B35F-05BBD05C06E1}"
EndProject
Global
	GlobalSection(SolutionConfigurationPlatforms) = preSolution
		Debug|Any CPU = Debug|Any CPU
		Release|Any CPU = Release|Any CPU
	EndGlobalSection
	GlobalSection(ProjectConfigurationPlatforms) = postSolution
		{C6E68137-F15C-4873-B35F-05BBD05C06E1}.Debug|Any CPU.ActiveCfg = Debug|Any CPU
		{C6E68137-F15C-4873-B35F-05BBD05C06E1}.Debug|Any CPU.Build.0 = Debug|Any CPU
		{C6E68137-F15C-4873-B35F-05BBD05C06E1}.Release|Any CPU.ActiveCfg = Release|Any CPU
		{C6E68137-F15C-4873-B35F-05BBD05C06E1}.Release|Any CPU.Build.0 = Release|Any CPU
	EndGlobalSection
	GlobalSection(SolutionProperties) = preSolution
		HideSolutionNode = FALSE
	EndGlobalSection
	GlobalSection(ExtensibilityGlobals) = postSolution
		SolutionGuid = {F2B582B2-7A6A-4AF6-B0AA-CC649A44321B}
	EndGlobalSection
EndGlobal
